
Microsoft Visual Studio Solution File, Format Version 11.00
# Visual Studio 2010
Project("{FAE04EC0-301F-11D3-BF4B-00C04F79EFBC}") = "Guestbook", "Guestbook\Guestbook.csproj", "{456862A4-5748-46BE-9568-E0127412EB74}"
EndProject
Project("{FAE04EC0-301F-11D3-BF4B-00C04F79EFBC}") = "GuestBook.Tests", "GuestBook.Tests\GuestBook.Tests.csproj", "{E4E3637C-8557-431E-B4DA-690449BCFF29}"
EndProject
Project("{2150E333-8FDC-42A3-9474-1A3956D46DE8}") = "Solution Items", "Solution Items", "{9665A100-7941-4280-940B-A5BE58BF3B46}"
	ProjectSection(SolutionItems) = preProject
		Guestbook.vsmdi = Guestbook.vsmdi
		Local.testsettings = Local.testsettings
		TraceAndTestImpact.testsettings = TraceAndTestImpact.testsettings
	EndProjectSection
EndProject
Global
	GlobalSection(TestCaseManagementSettings) = postSolution
		CategoryFile = Guestbook.vsmdi
	EndGlobalSection
	GlobalSection(SolutionConfigurationPlatforms) = preSolution
		Debug|Any CPU = Debug|Any CPU
		Release|Any CPU = Release|Any CPU
	EndGlobalSection
	GlobalSection(ProjectConfigurationPlatforms) = postSolution
		{456862A4-5748-46BE-9568-E0127412EB74}.Debug|Any CPU.ActiveCfg = Debug|Any CPU
		{456862A4-5748-46BE-9568-E0127412EB74}.Debug|Any CPU.Build.0 = Debug|Any CPU
		{456862A4-5748-46BE-9568-E0127412EB74}.Release|Any CPU.ActiveCfg = Release|Any CPU
		{456862A4-5748-46BE-9568-E0127412EB74}.Release|Any CPU.Build.0 = Release|Any CPU
		{E4E3637C-8557-431E-B4DA-690449BCFF29}.Debug|Any CPU.ActiveCfg = Debug|Any CPU
		{E4E3637C-8557-431E-B4DA-690449BCFF29}.Debug|Any CPU.Build.0 = Debug|Any CPU
		{E4E3637C-8557-431E-B4DA-690449BCFF29}.Release|Any CPU.ActiveCfg = Release|Any CPU
		{E4E3637C-8557-431E-B4DA-690449BCFF29}.Release|Any CPU.Build.0 = Release|Any CPU
	EndGlobalSection
	GlobalSection(SolutionProperties) = preSolution
		HideSolutionNode = FALSE
	EndGlobalSection
EndGlobal
